// !$*UTF8*$!
{
	archiveVersion = 1;
	classes = {
	};
	objectVersion = 46;
	objects = {

/* Begin PBXBuildFile section */
		92FC2E6D1C8800BD0001BFF0 /* AppDelegate.swift in Sources */ = {isa = PBXBuildFile; fileRef = 92FC2E6C1C8800BD0001BFF0 /* AppDelegate.swift */; };
		92FC2E6F1C8800BD0001BFF0 /* ViewController.swift in Sources */ = {isa = PBXBuildFile; fileRef = 92FC2E6E1C8800BD0001BFF0 /* ViewController.swift */; };
		92FC2E721C8800BD0001BFF0 /* Main.storyboard in Resources */ = {isa = PBXBuildFile; fileRef = 92FC2E701C8800BD0001BFF0 /* Main.storyboard */; };
		92FC2E741C8800BD0001BFF0 /* Assets.xcassets in Resources */ = {isa = PBXBuildFile; fileRef = 92FC2E731C8800BD0001BFF0 /* Assets.xcassets */; };
		92FC2E771C8800BD0001BFF0 /* LaunchScreen.storyboard in Resources */ = {isa = PBXBuildFile; fileRef = 92FC2E751C8800BD0001BFF0 /* LaunchScreen.storyboard */; };
		92FC2E821C8800BD0001BFF0 /* ModelClassTests.swift in Sources */ = {isa = PBXBuildFile; fileRef = 92FC2E811C8800BD0001BFF0 /* ModelClassTests.swift */; };
		92FC2E8D1C8800BD0001BFF0 /* ModelClassUITests.swift in Sources */ = {isa = PBXBuildFile; fileRef = 92FC2E8C1C8800BD0001BFF0 /* ModelClassUITests.swift */; };
		92FC2E9B1C8801200001BFF0 /* StudenClass.swift in Sources */ = {isa = PBXBuildFile; fileRef = 92FC2E9A1C8801200001BFF0 /* StudenClass.swift */; };
/* End PBXBuildFile section */

/* Begin PBXContainerItemProxy section */
		92FC2E7E1C8800BD0001BFF0 /* PBXContainerItemProxy */ = {
			isa = PBXContainerItemProxy;
			containerPortal = 92FC2E611C8800BD0001BFF0 /* Project object */;
			proxyType = 1;
			remoteGlobalIDString = 92FC2E681C8800BD0001BFF0;
			remoteInfo = ModelClass;
		};
		92FC2E891C8800BD0001BFF0 /* PBXContainerItemProxy */ = {
			isa = PBXContainerItemProxy;
			containerPortal = 92FC2E611C8800BD0001BFF0 /* Project object */;
			proxyType = 1;
			remoteGlobalIDString = 92FC2E681C8800BD0001BFF0;
			remoteInfo = ModelClass;
		};
/* End PBXContainerItemProxy section */

/* Begin PBXFileReference section */
		92FC2E691C8800BD0001BFF0 /* ModelClass.app */ = {isa = PBXFileReference; explicitFileType = wrapper.application; includeInIndex = 0; path = ModelClass.app; sourceTree = BUILT_PRODUCTS_DIR; };
		92FC2E6C1C8800BD0001BFF0 /* AppDelegate.swift */ = {isa = PBXFileReference; lastKnownFileType = sourcecode.swift; path = AppDelegate.swift; sourceTree = "<group>"; };
		92FC2E6E1C8800BD0001BFF0 /* ViewController.swift */ = {isa = PBXFileReference; lastKnownFileType = sourcecode.swift; path = ViewController.swift; sourceTree = "<group>"; };
		92FC2E711C8800BD0001BFF0 /* Base */ = {isa = PBXFileReference; lastKnownFileType = file.storyboard; name = Base; path = Base.lproj/Main.storyboard; sourceTree = "<group>"; };
		92FC2E731C8800BD0001BFF0 /* Assets.xcassets */ = {isa = PBXFileReference; lastKnownFileType = folder.assetcatalog; path = Assets.xcassets; sourceTree = "<group>"; };
		92FC2E761C8800BD0001BFF0 /* Base */ = {isa = PBXFileReference; lastKnownFileType = file.storyboard; name = Base; path = Base.lproj/LaunchScreen.storyboard; sourceTree = "<group>"; };
		92FC2E781C8800BD0001BFF0 /* Info.plist */ = {isa = PBXFileReference; lastKnownFileType = text.plist.xml; path = Info.plist; sourceTree = "<group>"; };
		92FC2E7D1C8800BD0001BFF0 /* ModelClassTests.xctest */ = {isa = PBXFileReference; explicitFileType = wrapper.cfbundle; includeInIndex = 0; path = ModelClassTests.xctest; sourceTree = BUILT_PRODUCTS_DIR; };
		92FC2E811C8800BD0001BFF0 /* ModelClassTests.swift */ = {isa = PBXFileReference; lastKnownFileType = sourcecode.swift; path = ModelClassTests.swift; sourceTree = "<group>"; };
		92FC2E831C8800BD0001BFF0 /* Info.plist */ = {isa = PBXFileReference; lastKnownFileType = text.plist.xml; path = Info.plist; sourceTree = "<group>"; };
		92FC2E881C8800BD0001BFF0 /* ModelClassUITests.xctest */ = {isa = PBXFileReference; explicitFileType = wrapper.cfbundle; includeInIndex = 0; path = ModelClassUITests.xctest; sourceTree = BUILT_PRODUCTS_DIR; };
		92FC2E8C1C8800BD0001BFF0 /* ModelClassUITests.swift */ = {isa = PBXFileReference; lastKnownFileType = sourcecode.swift; path = ModelClassUITests.swift; sourceTree = "<group>"; };
		92FC2E8E1C8800BD0001BFF0 /* Info.plist */ = {isa = PBXFileReference; lastKnownFileType = text.plist.xml; path = Info.plist; sourceTree = "<group>"; };
		92FC2E9A1C8801200001BFF0 /* StudenClass.swift */ = {isa = PBXFileReference; fileEncoding = 4; lastKnownFileType = sourcecode.swift; path = StudenClass.swift; sourceTree = "<group>"; };
/* End PBXFileReference section */

/* Begin PBXFrameworksBuildPhase section */
		92FC2E661C8800BD0001BFF0 /* Frameworks */ = {
			isa = PBXFrameworksBuildPhase;
			buildActionMask = 2147483647;
			files = (
			);
			runOnlyForDeploymentPostprocessing = 0;
		};
		92FC2E7A1C8800BD0001BFF0 /* Frameworks */ = {
			isa = PBXFrameworksBuildPhase;
			buildActionMask = 2147483647;
			files = (
			);
			runOnlyForDeploymentPostprocessing = 0;
		};
		92FC2E851C8800BD0001BFF0 /* Frameworks */ = {
			isa = PBXFrameworksBuildPhase;
			buildActionMask = 2147483647;
			files = (
			);
			runOnlyForDeploymentPostprocessing = 0;
		};
/* End PBXFrameworksBuildPhase section */

/* Begin PBXGroup section */
		92FC2E601C8800BD0001BFF0 = {
			isa = PBXGroup;
			children = (
				92FC2E6B1C8800BD0001BFF0 /* ModelClass */,
				92FC2E801C8800BD0001BFF0 /* ModelClassTests */,
				92FC2E8B1C8800BD0001BFF0 /* ModelClassUITests */,
				92FC2E6A1C8800BD0001BFF0 /* Products */,
			);
			sourceTree = "<group>";
		};
		92FC2E6A1C8800BD0001BFF0 /* Products */ = {
			isa = PBXGroup;
			children = (
				92FC2E691C8800BD0001BFF0 /* ModelClass.app */,
				92FC2E7D1C8800BD0001BFF0 /* ModelClassTests.xctest */,
				92FC2E881C8800BD0001BFF0 /* ModelClassUITests.xctest */,
			);
			name = Products;
			sourceTree = "<group>";
		};
		92FC2E6B1C8800BD0001BFF0 /* ModelClass */ = {
			isa = PBXGroup;
			children = (
				92FC2E6C1C8800BD0001BFF0 /* AppDelegate.swift */,
				92FC2E6E1C8800BD0001BFF0 /* ViewController.swift */,
				92FC2E701C8800BD0001BFF0 /* Main.storyboard */,
				92FC2E731C8800BD0001BFF0 /* Assets.xcassets */,
				92FC2E751C8800BD0001BFF0 /* LaunchScreen.storyboard */,
				92FC2E781C8800BD0001BFF0 /* Info.plist */,
				92FC2E9A1C8801200001BFF0 /* StudenClass.swift */,
			);
			path = ModelClass;
			sourceTree = "<group>";
		};
		92FC2E801C8800BD0001BFF0 /* ModelClassTests */ = {
			isa = PBXGroup;
			children = (
				92FC2E811C8800BD0001BFF0 /* ModelClassTests.swift */,
				92FC2E831C8800BD0001BFF0 /* Info.plist */,
			);
			path = ModelClassTests;
			sourceTree = "<group>";
		};
		92FC2E8B1C8800BD0001BFF0 /* ModelClassUITests */ = {
			isa = PBXGroup;
			children = (
				92FC2E8C1C8800BD0001BFF0 /* ModelClassUITests.swift */,
				92FC2E8E1C8800BD0001BFF0 /* Info.plist */,
			);
			path = ModelClassUITests;
			sourceTree = "<group>";
		};
/* End PBXGroup section */

/* Begin PBXNativeTarget section */
		92FC2E681C8800BD0001BFF0 /* ModelClass */ = {
			isa = PBXNativeTarget;
			buildConfigurationList = 92FC2E911C8800BD0001BFF0 /* Build configuration list for PBXNativeTarget "ModelClass" */;
			buildPhases = (
				92FC2E651C8800BD0001BFF0 /* Sources */,
				92FC2E661C8800BD0001BFF0 /* Frameworks */,
				92FC2E671C8800BD0001BFF0 /* Resources */,
			);
			buildRules = (
			);
			dependencies = (
			);
			name = ModelClass;
			productName = ModelClass;
			productReference = 92FC2E691C8800BD0001BFF0 /* ModelClass.app */;
			productType = "com.apple.product-type.application";
		};
		92FC2E7C1C8800BD0001BFF0 /* ModelClassTests */ = {
			isa = PBXNativeTarget;
			buildConfigurationList = 92FC2E941C8800BD0001BFF0 /* Build configuration list for PBXNativeTarget "ModelClassTests" */;
			buildPhases = (
				92FC2E791C8800BD0001BFF0 /* Sources */,
				92FC2E7A1C8800BD0001BFF0 /* Frameworks */,
				92FC2E7B1C8800BD0001BFF0 /* Resources */,
			);
			buildRules = (
			);
			dependencies = (
				92FC2E7F1C8800BD0001BFF0 /* PBXTargetDependency */,
			);
			name = ModelClassTests;
			productName = ModelClassTests;
			productReference = 92FC2E7D1C8800BD0001BFF0 /* ModelClassTests.xctest */;
			productType = "com.apple.product-type.bundle.unit-test";
		};
		92FC2E871C8800BD0001BFF0 /* ModelClassUITests */ = {
			isa = PBXNativeTarget;
			buildConfigurationList = 92FC2E971C8800BD0001BFF0 /* Build configuration list for PBXNativeTarget "ModelClassUITests" */;
			buildPhases = (
				92FC2E841C8800BD0001BFF0 /* Sources */,
				92FC2E851C8800BD0001BFF0 /* Frameworks */,
				92FC2E861C8800BD0001BFF0 /* Resources */,
			);
			buildRules = (
			);
			dependencies = (
				92FC2E8A1C8800BD0001BFF0 /* PBXTargetDependency */,
			);
			name = ModelClassUITests;
			productName = ModelClassUITests;
			productReference = 92FC2E881C8800BD0001BFF0 /* ModelClassUITests.xctest */;
			productType = "com.apple.product-type.bundle.ui-testing";
		};
/* End PBXNativeTarget section */

/* Begin PBXProject section */
		92FC2E611C8800BD0001BFF0 /* Project object */ = {
			isa = PBXProject;
			attributes = {
				LastSwiftUpdateCheck = 0720;
				LastUpgradeCheck = 0830;
				ORGANIZATIONNAME = sandeepchalla;
				TargetAttributes = {
					92FC2E681C8800BD0001BFF0 = {
						CreatedOnToolsVersion = 7.2;
						LastSwiftMigration = 0830;
					};
					92FC2E7C1C8800BD0001BFF0 = {
						CreatedOnToolsVersion = 7.2;
						LastSwiftMigration = 0830;
						TestTargetID = 92FC2E681C8800BD0001BFF0;
					};
					92FC2E871C8800BD0001BFF0 = {
						CreatedOnToolsVersion = 7.2;
						LastSwiftMigration = 0830;
						TestTargetID = 92FC2E681C8800BD0001BFF0;
					};
				};
			};
			buildConfigurationList = 92FC2E641C8800BD0001BFF0 /* Build configuration list for PBXProject "ModelClass" */;
			compatibilityVersion = "Xcode 3.2";
			developmentRegion = English;
			hasScannedForEncodings = 0;
			knownRegions = (
				en,
				Base,
			);
			mainGroup = 92FC2E601C8800BD0001BFF0;
			productRefGroup = 92FC2E6A1C8800BD0001BFF0 /* Products */;
			projectDirPath = "";
			projectRoot = "";
			targets = (
				92FC2E681C8800BD0001BFF0 /* ModelClass */,
				92FC2E7C1C8800BD0001BFF0 /* ModelClassTests */,
				92FC2E871C8800BD0001BFF0 /* ModelClassUITests */,
			);
		};
/* End PBXProject section */

/* Begin PBXResourcesBuildPhase section */
		92FC2E671C8800BD0001BFF0 /* Resources */ = {
			isa = PBXResourcesBuildPhase;
			buildActionMask = 2147483647;
			files = (
				92FC2E771C8800BD0001BFF0 /* LaunchScreen.storyboard in Resources */,
				92FC2E741C8800BD0001BFF0 /* Assets.xcassets in Resources */,
				92FC2E721C8800BD0001BFF0 /* Main.storyboard in Resources */,
			);
			runOnlyForDeploymentPostprocessing = 0;
		};
		92FC2E7B1C8800BD0001BFF0 /* Resources */ = {
			isa = PBXResourcesBuildPhase;
			buildActionMask = 2147483647;
			files = (
			);
			runOnlyForDeploymentPostprocessing = 0;
		};
		92FC2E861C8800BD0001BFF0 /* Resources */ = {
			isa = PBXResourcesBuildPhase;
			buildActionMask = 2147483647;
			files = (
			);
			runOnlyForDeploymentPostprocessing = 0;
		};
/* End PBXResourcesBuildPhase section */

/* Begin PBXSourcesBuildPhase section */
		92FC2E651C8800BD0001BFF0 /* Sources */ = {
			isa = PBXSourcesBuildPhase;
			buildActionMask = 2147483647;
			files = (
				92FC2E9B1C8801200001BFF0 /* StudenClass.swift in Sources */,
				92FC2E6F1C8800BD0001BFF0 /* ViewController.swift in Sources */,
				92FC2E6D1C8800BD0001BFF0 /* AppDelegate.swift in Sources */,
			);
			runOnlyForDeploymentPostprocessing = 0;
		};
		92FC2E791C8800BD0001BFF0 /* Sources */ = {
			isa = PBXSourcesBuildPhase;
			buildActionMask = 2147483647;
			files = (
				92FC2E821C8800BD0001BFF0 /* ModelClassTests.swift in Sources */,
			);
			runOnlyForDeploymentPostprocessing = 0;
		};
		92FC2E841C8800BD0001BFF0 /* Sources */ = {
			isa = PBXSourcesBuildPhase;
			buildActionMask = 2147483647;
			files = (
				92FC2E8D1C8800BD0001BFF0 /* ModelClassUITests.swift in Sources */,
			);
			runOnlyForDeploymentPostprocessing = 0;
		};
/* End PBXSourcesBuildPhase section */

/* Begin PBXTargetDependency section */
		92FC2E7F1C8800BD0001BFF0 /* PBXTargetDependency */ = {
			isa = PBXTargetDependency;
			target = 92FC2E681C8800BD0001BFF0 /* ModelClass */;
			targetProxy = 92FC2E7E1C8800BD0001BFF0 /* PBXContainerItemProxy */;
		};
		92FC2E8A1C8800BD0001BFF0 /* PBXTargetDependency */ = {
			isa = PBXTargetDependency;
			target = 92FC2E681C8800BD0001BFF0 /* ModelClass */;
			targetProxy = 92FC2E891C8800BD0001BFF0 /* PBXContainerItemProxy */;
		};
/* End PBXTargetDependency section */

/* Begin PBXVariantGroup section */
		92FC2E701C8800BD0001BFF0 /* Main.storyboard */ = {
			isa = PBXVariantGroup;
			children = (
				92FC2E711C8800BD0001BFF0 /* Base */,
			);
			name = Main.storyboard;
			sourceTree = "<group>";
		};
		92FC2E751C8800BD0001BFF0 /* LaunchScreen.storyboard */ = {
			isa = PBXVariantGroup;
			children = (
				92FC2E761C8800BD0001BFF0 /* Base */,
			);
			name = LaunchScreen.storyboard;
			sourceTree = "<group>";
		};
/* End PBXVariantGroup section */

/* Begin XCBuildConfiguration section */
		92FC2E8F1C8800BD0001BFF0 /* Debug */ = {
			isa = XCBuildConfiguration;
			buildSettings = {
				ALWAYS_SEARCH_USER_PATHS = NO;
				CLANG_CXX_LANGUAGE_STANDARD = "gnu++0x";
				CLANG_CXX_LIBRARY = "libc++";
				CLANG_ENABLE_MODULES = YES;
				CLANG_ENABLE_OBJC_ARC = YES;
				CLANG_WARN_BOOL_CONVERSION = YES;
				CLANG_WARN_CONSTANT_CONVERSION = YES;
				CLANG_WARN_DIRECT_OBJC_ISA_USAGE = YES_ERROR;
				CLANG_WARN_EMPTY_BODY = YES;
				CLANG_WARN_ENUM_CONVERSION = YES;
				CLANG_WARN_INFINITE_RECURSION = YES;
				CLANG_WARN_INT_CONVERSION = YES;
				CLANG_WARN_OBJC_ROOT_CLASS = YES_ERROR;
				CLANG_WARN_SUSPICIOUS_MOVE = YES;
				CLANG_WARN_UNREACHABLE_CODE = YES;
				CLANG_WARN__DUPLICATE_METHOD_MATCH = YES;
				"CODE_SIGN_IDENTITY[sdk=iphoneos*]" = "iPhone Developer";
				COPY_PHASE_STRIP = NO;
				DEBUG_INFORMATION_FORMAT = dwarf;
				ENABLE_STRICT_OBJC_MSGSEND = YES;
				ENABLE_TESTABILITY = YES;
				GCC_C_LANGUAGE_STANDARD = gnu99;
				GCC_DYNAMIC_NO_PIC = NO;
				GCC_NO_COMMON_BLOCKS = YES;
				GCC_OPTIMIZATION_LEVEL = 0;
				GCC_PREPROCESSOR_DEFINITIONS = (
					"DEBUG=1",
					"$(inherited)",
				);
				GCC_WARN_64_TO_32_BIT_CONVERSION = YES;
				GCC_WARN_ABOUT_RETURN_TYPE = YES_ERROR;
				GCC_WARN_UNDECLARED_SELECTOR = YES;
				GCC_WARN_UNINITIALIZED_AUTOS = YES_AGGRESSIVE;
				GCC_WARN_UNUSED_FUNCTION = YES;
				GCC_WARN_UNUSED_VARIABLE = YES;
				IPHONEOS_DEPLOYMENT_TARGET = 9.2;
				MTL_ENABLE_DEBUG_INFO = YES;
				ONLY_ACTIVE_ARCH = YES;
				SDKROOT = iphoneos;
				SWIFT_OPTIMIZATION_LEVEL = "-Onone";
				TARGETED_DEVICE_FAMILY = "1,2";
			};
			name = Debug;
		};
		92FC2E901C8800BD0001BFF0 /* Release */ = {
			isa = XCBuildConfiguration;
			buildSettings = {
				ALWAYS_SEARCH_USER_PATHS = NO;
				CLANG_CXX_LANGUAGE_STANDARD = "gnu++0x";
				CLANG_CXX_LIBRARY = "libc++";
				CLANG_ENABLE_MODULES = YES;
				CLANG_ENABLE_OBJC_ARC = YES;
				CLANG_WARN_BOOL_CONVERSION = YES;
				CLANG_WARN_CONSTANT_CONVERSION = YES;
				CLANG_WARN_DIRECT_OBJC_ISA_USAGE = YES_ERROR;
				CLANG_WARN_EMPTY_BODY = YES;
				CLANG_WARN_ENUM_CONVERSION = YES;
				CLANG_WARN_INFINITE_RECURSION = YES;
				CLANG_WARN_INT_CONVERSION = YES;
				CLANG_WARN_OBJC_ROOT_CLASS = YES_ERROR;
				CLANG_WARN_SUSPICIOUS_MOVE = YES;
				CLANG_WARN_UNREACHABLE_CODE = YES;
				CLANG_WARN__DUPLICATE_METHOD_MATCH = YES;
				"CODE_SIGN_IDENTITY[sdk=iphoneos*]" = "iPhone Developer";
				COPY_PHASE_STRIP = NO;
				DEBUG_INFORMATION_FORMAT = "dwarf-with-dsym";
				ENABLE_NS_ASSERTIONS = NO;
				ENABLE_STRICT_OBJC_MSGSEND = YES;
				GCC_C_LANGUAGE_STANDARD = gnu99;
				GCC_NO_COMMON_BLOCKS = YES;
				GCC_WARN_64_TO_32_BIT_CONVERSION = YES;
				GCC_WARN_ABOUT_RETURN_TYPE = YES_ERROR;
				GCC_WARN_UNDECLARED_SELECTOR = YES;
				GCC_WARN_UNINITIALIZED_AUTOS = YES_AGGRESSIVE;
				GCC_WARN_UNUSED_FUNCTION = YES;
				GCC_WARN_UNUSED_VARIABLE = YES;
				IPHONEOS_DEPLOYMENT_TARGET = 9.2;
				MTL_ENABLE_DEBUG_INFO = NO;
				SDKROOT = iphoneos;
				SWIFT_OPTIMIZATION_LEVEL = "-Owholemodule";
				TARGETED_DEVICE_FAMILY = "1,2";
				VALIDATE_PRODUCT = YES;
			};
			name = Release;
		};
		92FC2E921C8800BD0001BFF0 /* Debug */ = {
			isa = XCBuildConfiguration;
			buildSettings = {
				ASSETCATALOG_COMPILER_APPICON_NAME = AppIcon;
				INFOPLIST_FILE = ModelClass/Info.plist;
				LD_RUNPATH_SEARCH_PATHS = "$(inherited) @executable_path/Frameworks";
				PRODUCT_BUNDLE_IDENTIFIER = sandeepchalla.ModelClass;
				PRODUCT_NAME = "$(TARGET_NAME)";
				SWIFT_VERSION = 3.0;
			};
			name = Debug;
		};
		92FC2E931C8800BD0001BFF0 /* Release */ = {
			isa = XCBuildConfiguration;
			buildSettings = {
				ASSETCATALOG_COMPILER_APPICON_NAME = AppIcon;
				INFOPLIST_FILE = ModelClass/Info.plist;
				LD_RUNPATH_SEARCH_PATHS = "$(inherited) @executable_path/Frameworks";
				PRODUCT_BUNDLE_IDENTIFIER = sandeepchalla.ModelClass;
				PRODUCT_NAME = "$(TARGET_NAME)";
				SWIFT_VERSION = 3.0;
			};
			name = Release;
		};
		92FC2E951C8800BD0001BFF0 /* Debug */ = {
			isa = XCBuildConfiguration;
			buildSettings = {
				BUNDLE_LOADER = "$(TEST_HOST)";
				INFOPLIST_FILE = ModelClassTests/Info.plist;
				LD_RUNPATH_SEARCH_PATHS = "$(inherited) @executable_path/Frameworks @loader_path/Frameworks";
				PRODUCT_BUNDLE_IDENTIFIER = sandeepchalla.ModelClassTests;
				PRODUCT_NAME = "$(TARGET_NAME)";
				SWIFT_VERSION = 3.0;
				TEST_HOST = "$(BUILT_PRODUCTS_DIR)/ModelClass.app/ModelClass";
			};
			name = Debug;
		};
		92FC2E961C8800BD0001BFF0 /* Release */ = {
			isa = XCBuildConfiguration;
			buildSettings = {
				BUNDLE_LOADER = "$(TEST_HOST)";
				INFOPLIST_FILE = ModelClassTests/Info.plist;
				LD_RUNPATH_SEARCH_PATHS = "$(inherited) @executable_path/Frameworks @loader_path/Frameworks";
				PRODUCT_BUNDLE_IDENTIFIER = sandeepchalla.ModelClassTests;
				PRODUCT_NAME = "$(TARGET_NAME)";
				SWIFT_VERSION = 3.0;
				TEST_HOST = "$(BUILT_PRODUCTS_DIR)/ModelClass.app/ModelClass";
			};
			name = Release;
		};
		92FC2E981C8800BD0001BFF0 /* Debug */ = {
			isa = XCBuildConfiguration;
			buildSettings = {
				INFOPLIST_FILE = ModelClassUITests/Info.plist;
				LD_RUNPATH_SEARCH_PATHS = "$(inherited) @executable_path/Frameworks @loader_path/Frameworks";
				PRODUCT_BUNDLE_IDENTIFIER = sandeepchalla.ModelClassUITests;
				PRODUCT_NAME = "$(TARGET_NAME)";
				SWIFT_VERSION = 3.0;
				TEST_TARGET_NAME = ModelClass;
				USES_XCTRUNNER = YES;
			};
			name = Debug;
		};
		92FC2E991C8800BD0001BFF0 /* Release */ = {
			isa = XCBuildConfiguration;
			buildSettings = {
				INFOPLIST_FILE = ModelClassUITests/Info.plist;
				LD_RUNPATH_SEARCH_PATHS = "$(inherited) @executable_path/Frameworks @loader_path/Frameworks";
				PRODUCT_BUNDLE_IDENTIFIER = sandeepchalla.ModelClassUITests;
				PRODUCT_NAME = "$(TARGET_NAME)";
				SWIFT_VERSION = 3.0;
				TEST_TARGET_NAME = ModelClass;
				USES_XCTRUNNER = YES;
			};
			name = Release;
		};
/* End XCBuildConfiguration section */

/* Begin XCConfigurationList section */
		92FC2E641C8800BD0001BFF0 /* Build configuration list for PBXProject "ModelClass" */ = {
			isa = XCConfigurationList;
			buildConfigurations = (
				92FC2E8F1C8800BD0001BFF0 /* Debug */,
				92FC2E901C8800BD0001BFF0 /* Release */,
			);
			defaultConfigurationIsVisible = 0;
			defaultConfigurationName = Release;
		};
		92FC2E911C8800BD0001BFF0 /* Build configuration list for PBXNativeTarget "ModelClass" */ = {
			isa = XCConfigurationList;
			buildConfigurations = (
				92FC2E921C8800BD0001BFF0 /* Debug */,
				92FC2E931C8800BD0001BFF0 /* Release */,
			);
			defaultConfigurationIsVisible = 0;
			defaultConfigurationName = Release;
		};
		92FC2E941C8800BD0001BFF0 /* Build configuration list for PBXNativeTarget "ModelClassTests" */ = {
			isa = XCConfigurationList;
			buildConfigurations = (
				92FC2E951C8800BD0001BFF0 /* Debug */,
				92FC2E961C8800BD0001BFF0 /* Release */,
			);
			defaultConfigurationIsVisible = 0;
			defaultConfigurationName = Release;
		};
		92FC2E971C8800BD0001BFF0 /* Build configuration list for PBXNativeTarget "ModelClassUITests" */ = {
			isa = XCConfigurationList;
			buildConfigurations = (
				92FC2E981C8800BD0001BFF0 /* Debug */,
				92FC2E991C8800BD0001BFF0 /* Release */,
			);
			defaultConfigurationIsVisible = 0;
			defaultConfigurationName = Release;
		};
/* End XCConfigurationList section */
	};
	rootObject = 92FC2E611C8800BD0001BFF0 /* Project object */;
}
